// !$*UTF8*$!
{
	archiveVersion = 1;
	classes = {
	};
	objectVersion = 46;
	objects = {

/* Begin PBXBuildFile section */
		0925DBECB22B4DB1A6215C84 /* libPods.a in Frameworks */ = {isa = PBXBuildFile; fileRef = 056956FADAA24D49B05AB375 /* libPods.a */; };
		F81217F518C955F800FD5FA8 /* Images.xcassets in Resources */ = {isa = PBXBuildFile; fileRef = F81217F418C955F800FD5FA8 /* Images.xcassets */; };
		F83D2D6D191D177D008E059D /* MusioAPIClient.m in Sources */ = {isa = PBXBuildFile; fileRef = F83D2D6C191D177D008E059D /* MusioAPIClient.m */; };
		F8484822191D108F00FED21C /* Settings.bundle in Resources */ = {isa = PBXBuildFile; fileRef = F8484821191D108F00FED21C /* Settings.bundle */; };
		F87B37BA1920E1710041B4D9 /* Storyboard.storyboard in Resources */ = {isa = PBXBuildFile; fileRef = F87B37B91920E1710041B4D9 /* Storyboard.storyboard */; };
		F87B37BC1920E1F90041B4D9 /* Default-568h@2x.png in Resources */ = {isa = PBXBuildFile; fileRef = F87B37BB1920E1F90041B4D9 /* Default-568h@2x.png */; };
		F87B37C31920E45D0041B4D9 /* Main.png in Resources */ = {isa = PBXBuildFile; fileRef = F87B37C11920E45D0041B4D9 /* Main.png */; };
		F87B37C41920E45D0041B4D9 /* Main@2x.png in Resources */ = {isa = PBXBuildFile; fileRef = F87B37C21920E45D0041B4D9 /* Main@2x.png */; };
		F87B37CE1920EC800041B4D9 /* Like.png in Resources */ = {isa = PBXBuildFile; fileRef = F87B37C61920EC800041B4D9 /* Like.png */; };
		F87B37CF1920EC800041B4D9 /* Like@2x.png in Resources */ = {isa = PBXBuildFile; fileRef = F87B37C71920EC800041B4D9 /* Like@2x.png */; };
		F87B37D01920EC800041B4D9 /* Menu.png in Resources */ = {isa = PBXBuildFile; fileRef = F87B37C81920EC800041B4D9 /* Menu.png */; };
		F87B37D11920EC800041B4D9 /* Menu@2x.png in Resources */ = {isa = PBXBuildFile; fileRef = F87B37C91920EC800041B4D9 /* Menu@2x.png */; };
		F87B37D21920EC800041B4D9 /* Settings.png in Resources */ = {isa = PBXBuildFile; fileRef = F87B37CA1920EC800041B4D9 /* Settings.png */; };
		F87B37D31920EC800041B4D9 /* Settings@2x.png in Resources */ = {isa = PBXBuildFile; fileRef = F87B37CB1920EC800041B4D9 /* Settings@2x.png */; };
		F87B37D41920EC800041B4D9 /* Trash.png in Resources */ = {isa = PBXBuildFile; fileRef = F87B37CC1920EC800041B4D9 /* Trash.png */; };
		F87B37D51920EC800041B4D9 /* Trash@2x.png in Resources */ = {isa = PBXBuildFile; fileRef = F87B37CD1920EC800041B4D9 /* Trash@2x.png */; };
		F87B37D81920EFAA0041B4D9 /* TrackBackground.png in Resources */ = {isa = PBXBuildFile; fileRef = F87B37D61920EFAA0041B4D9 /* TrackBackground.png */; };
		F87B37D91920EFAA0041B4D9 /* TrackBackground@2x.png in Resources */ = {isa = PBXBuildFile; fileRef = F87B37D71920EFAA0041B4D9 /* TrackBackground@2x.png */; };
		F87B37DE1920F1CB0041B4D9 /* default.plist in Resources */ = {isa = PBXBuildFile; fileRef = F87B37DD1920F1CB0041B4D9 /* default.plist */; };
		F87B37E1192100B70041B4D9 /* MusioTrackView.m in Sources */ = {isa = PBXBuildFile; fileRef = F87B37E0192100B70041B4D9 /* MusioTrackView.m */; };
		F88663161923900100087D76 /* activity-l.svg in Resources */ = {isa = PBXBuildFile; fileRef = F88662EC1923900100087D76 /* activity-l.svg */; };
		F88663171923900100087D76 /* activity-s.svg in Resources */ = {isa = PBXBuildFile; fileRef = F88662ED1923900100087D76 /* activity-s.svg */; };
		F88663181923900100087D76 /* add-l.svg in Resources */ = {isa = PBXBuildFile; fileRef = F88662EE1923900100087D76 /* add-l.svg */; };
		F88663191923900100087D76 /* add-s.svg in Resources */ = {isa = PBXBuildFile; fileRef = F88662EF1923900100087D76 /* add-s.svg */; };
		F886631A1923900100087D76 /* compose-l.svg in Resources */ = {isa = PBXBuildFile; fileRef = F88662F01923900100087D76 /* compose-l.svg */; };
		F886631B1923900100087D76 /* compose-s.svg in Resources */ = {isa = PBXBuildFile; fileRef = F88662F11923900100087D76 /* compose-s.svg */; };
		F886631C1923900100087D76 /* download-l.svg in Resources */ = {isa = PBXBuildFile; fileRef = F88662F21923900100087D76 /* download-l.svg */; };
		F886631D1923900100087D76 /* download-s.svg in Resources */ = {isa = PBXBuildFile; fileRef = F88662F31923900100087D76 /* download-s.svg */; };
		F886631E1923900100087D76 /* edit-l.svg in Resources */ = {isa = PBXBuildFile; fileRef = F88662F41923900100087D76 /* edit-l.svg */; };
		F886631F1923900100087D76 /* edit-s.svg in Resources */ = {isa = PBXBuildFile; fileRef = F88662F51923900100087D76 /* edit-s.svg */; };
		F88663201923900100087D76 /* like-l.svg in Resources */ = {isa = PBXBuildFile; fileRef = F88662F61923900100087D76 /* like-l.svg */; };
		F88663211923900100087D76 /* like-s.svg in Resources */ = {isa = PBXBuildFile; fileRef = F88662F71923900100087D76 /* like-s.svg */; };
		F88663221923900100087D76 /* mixtape-l.svg in Resources */ = {isa = PBXBuildFile; fileRef = F88662F81923900100087D76 /* mixtape-l.svg */; };
		F88663231923900100087D76 /* mixtape-s.svg in Resources */ = {isa = PBXBuildFile; fileRef = F88662F91923900100087D76 /* mixtape-s.svg */; };
		F88663241923900100087D76 /* next-l.svg in Resources */ = {isa = PBXBuildFile; fileRef = F88662FA1923900100087D76 /* next-l.svg */; };
		F88663251923900100087D76 /* next-s.svg in Resources */ = {isa = PBXBuildFile; fileRef = F88662FB1923900100087D76 /* next-s.svg */; };
		F88663261923900100087D76 /* pause-l.svg in Resources */ = {isa = PBXBuildFile; fileRef = F88662FC1923900100087D76 /* pause-l.svg */; };
		F88663271923900100087D76 /* pause-s.svg in Resources */ = {isa = PBXBuildFile; fileRef = F88662FD1923900100087D76 /* pause-s.svg */; };
		F88663281923900100087D76 /* pause-xl.svg in Resources */ = {isa = PBXBuildFile; fileRef = F88662FE1923900100087D76 /* pause-xl.svg */; };
		F88663291923900100087D76 /* play-l.svg in Resources */ = {isa = PBXBuildFile; fileRef = F88662FF1923900100087D76 /* play-l.svg */; };
		F886632A1923900100087D76 /* play-s.svg in Resources */ = {isa = PBXBuildFile; fileRef = F88663001923900100087D76 /* play-s.svg */; };
		F886632B1923900100087D76 /* play-xl.svg in Resources */ = {isa = PBXBuildFile; fileRef = F88663011923900100087D76 /* play-xl.svg */; };
		F886632C1923900100087D76 /* previous-l.svg in Resources */ = {isa = PBXBuildFile; fileRef = F88663021923900100087D76 /* previous-l.svg */; };
		F886632D1923900100087D76 /* previous-s.svg in Resources */ = {isa = PBXBuildFile; fileRef = F88663031923900100087D76 /* previous-s.svg */; };
		F886632E1923900100087D76 /* reply-l.svg in Resources */ = {isa = PBXBuildFile; fileRef = F88663041923900100087D76 /* reply-l.svg */; };
		F886632F1923900100087D76 /* reply-s.svg in Resources */ = {isa = PBXBuildFile; fileRef = F88663051923900100087D76 /* reply-s.svg */; };
		F88663301923900100087D76 /* search-l.svg in Resources */ = {isa = PBXBuildFile; fileRef = F88663061923900100087D76 /* search-l.svg */; };
		F88663311923900100087D76 /* search-s.svg in Resources */ = {isa = PBXBuildFile; fileRef = F88663071923900100087D76 /* search-s.svg */; };
		F88663321923900100087D76 /* send-l.svg in Resources */ = {isa = PBXBuildFile; fileRef = F88663081923900100087D76 /* send-l.svg */; };
		F88663331923900100087D76 /* send-s.svg in Resources */ = {isa = PBXBuildFile; fileRef = F88663091923900100087D76 /* send-s.svg */; };
		F88663341923900100087D76 /* settings-l.svg in Resources */ = {isa = PBXBuildFile; fileRef = F886630A1923900100087D76 /* settings-l.svg */; };
		F88663351923900100087D76 /* settings-s.svg in Resources */ = {isa = PBXBuildFile; fileRef = F886630B1923900100087D76 /* settings-s.svg */; };
		F88663361923900100087D76 /* share-l.svg in Resources */ = {isa = PBXBuildFile; fileRef = F886630C1923900100087D76 /* share-l.svg */; };
		F88663371923900100087D76 /* share-s.svg in Resources */ = {isa = PBXBuildFile; fileRef = F886630D1923900100087D76 /* share-s.svg */; };
		F88663381923900100087D76 /* trash-l.svg in Resources */ = {isa = PBXBuildFile; fileRef = F886630E1923900100087D76 /* trash-l.svg */; };
		F88663391923900100087D76 /* trash-s.svg in Resources */ = {isa = PBXBuildFile; fileRef = F886630F1923900100087D76 /* trash-s.svg */; };
		F886633A1923900100087D76 /* votedown-l.svg in Resources */ = {isa = PBXBuildFile; fileRef = F88663101923900100087D76 /* votedown-l.svg */; };
		F886633B1923900100087D76 /* votedown-s.svg in Resources */ = {isa = PBXBuildFile; fileRef = F88663111923900100087D76 /* votedown-s.svg */; };
		F886633C1923900100087D76 /* votesoso-l.svg in Resources */ = {isa = PBXBuildFile; fileRef = F88663121923900100087D76 /* votesoso-l.svg */; };
		F886633D1923900100087D76 /* votesoso-s.svg in Resources */ = {isa = PBXBuildFile; fileRef = F88663131923900100087D76 /* votesoso-s.svg */; };
		F886633E1923900100087D76 /* voteup-l.svg in Resources */ = {isa = PBXBuildFile; fileRef = F88663141923900100087D76 /* voteup-l.svg */; };
		F886633F1923900100087D76 /* voteup-s.svg in Resources */ = {isa = PBXBuildFile; fileRef = F88663151923900100087D76 /* voteup-s.svg */; };
		F8F0BF0B18C94FD5005D3A5C /* Foundation.framework in Frameworks */ = {isa = PBXBuildFile; fileRef = F8F0BF0A18C94FD5005D3A5C /* Foundation.framework */; };
		F8F0BF0D18C94FD5005D3A5C /* CoreGraphics.framework in Frameworks */ = {isa = PBXBuildFile; fileRef = F8F0BF0C18C94FD5005D3A5C /* CoreGraphics.framework */; };
		F8F0BF0F18C94FD5005D3A5C /* UIKit.framework in Frameworks */ = {isa = PBXBuildFile; fileRef = F8F0BF0E18C94FD5005D3A5C /* UIKit.framework */; };
		F8F0BF1518C94FD5005D3A5C /* InfoPlist.strings in Resources */ = {isa = PBXBuildFile; fileRef = F8F0BF1318C94FD5005D3A5C /* InfoPlist.strings */; };
		F8F0BF1718C94FD5005D3A5C /* main.m in Sources */ = {isa = PBXBuildFile; fileRef = F8F0BF1618C94FD5005D3A5C /* main.m */; };
		F8F0BF1B18C94FD6005D3A5C /* MusioAppDelegate.m in Sources */ = {isa = PBXBuildFile; fileRef = F8F0BF1A18C94FD6005D3A5C /* MusioAppDelegate.m */; };
		F8F0BF2418C94FD6005D3A5C /* MusioViewController.m in Sources */ = {isa = PBXBuildFile; fileRef = F8F0BF2318C94FD6005D3A5C /* MusioViewController.m */; };
		F8F0BF2D18C94FD6005D3A5C /* XCTest.framework in Frameworks */ = {isa = PBXBuildFile; fileRef = F8F0BF2C18C94FD6005D3A5C /* XCTest.framework */; };
		F8F0BF2E18C94FD6005D3A5C /* Foundation.framework in Frameworks */ = {isa = PBXBuildFile; fileRef = F8F0BF0A18C94FD5005D3A5C /* Foundation.framework */; };
		F8F0BF2F18C94FD6005D3A5C /* UIKit.framework in Frameworks */ = {isa = PBXBuildFile; fileRef = F8F0BF0E18C94FD5005D3A5C /* UIKit.framework */; };
		F8F0BF3718C94FD6005D3A5C /* InfoPlist.strings in Resources */ = {isa = PBXBuildFile; fileRef = F8F0BF3518C94FD6005D3A5C /* InfoPlist.strings */; };
		F8F0BF3918C94FD6005D3A5C /* MusioTests.m in Sources */ = {isa = PBXBuildFile; fileRef = F8F0BF3818C94FD6005D3A5C /* MusioTests.m */; };
/* End PBXBuildFile section */

/* Begin PBXContainerItemProxy section */
		F8F0BF3018C94FD6005D3A5C /* PBXContainerItemProxy */ = {
			isa = PBXContainerItemProxy;
			containerPortal = F8F0BEFF18C94FD5005D3A5C /* Project object */;
			proxyType = 1;
			remoteGlobalIDString = F8F0BF0618C94FD5005D3A5C;
			remoteInfo = Musio;
		};
/* End PBXContainerItemProxy section */

/* Begin PBXFileReference section */
		056956FADAA24D49B05AB375 /* libPods.a */ = {isa = PBXFileReference; explicitFileType = archive.ar; includeInIndex = 0; path = libPods.a; sourceTree = BUILT_PRODUCTS_DIR; };
		E43724A9C6CA48CC8A3D2657 /* Pods.xcconfig */ = {isa = PBXFileReference; includeInIndex = 1; lastKnownFileType = text.xcconfig; name = Pods.xcconfig; path = Pods/Pods.xcconfig; sourceTree = "<group>"; };
		F81217F418C955F800FD5FA8 /* Images.xcassets */ = {isa = PBXFileReference; lastKnownFileType = folder.assetcatalog; path = Images.xcassets; sourceTree = "<group>"; };
		F83D2D6B191D177D008E059D /* MusioAPIClient.h */ = {isa = PBXFileReference; fileEncoding = 4; lastKnownFileType = sourcecode.c.h; path = MusioAPIClient.h; sourceTree = "<group>"; };
		F83D2D6C191D177D008E059D /* MusioAPIClient.m */ = {isa = PBXFileReference; fileEncoding = 4; lastKnownFileType = sourcecode.c.objc; path = MusioAPIClient.m; sourceTree = "<group>"; };
		F8484821191D108F00FED21C /* Settings.bundle */ = {isa = PBXFileReference; lastKnownFileType = "wrapper.plug-in"; path = Settings.bundle; sourceTree = "<group>"; };
		F87B37B91920E1710041B4D9 /* Storyboard.storyboard */ = {isa = PBXFileReference; fileEncoding = 4; lastKnownFileType = file.storyboard; path = Storyboard.storyboard; sourceTree = "<group>"; };
		F87B37BB1920E1F90041B4D9 /* Default-568h@2x.png */ = {isa = PBXFileReference; lastKnownFileType = image.png; name = "Default-568h@2x.png"; path = "../../Default-568h@2x.png"; sourceTree = "<group>"; };
		F87B37C11920E45D0041B4D9 /* Main.png */ = {isa = PBXFileReference; lastKnownFileType = image.png; path = Main.png; sourceTree = "<group>"; };
		F87B37C21920E45D0041B4D9 /* Main@2x.png */ = {isa = PBXFileReference; lastKnownFileType = image.png; path = "Main@2x.png"; sourceTree = "<group>"; };
		F87B37C61920EC800041B4D9 /* Like.png */ = {isa = PBXFileReference; lastKnownFileType = image.png; path = Like.png; sourceTree = "<group>"; };
		F87B37C71920EC800041B4D9 /* Like@2x.png */ = {isa = PBXFileReference; lastKnownFileType = image.png; path = "Like@2x.png"; sourceTree = "<group>"; };
		F87B37C81920EC800041B4D9 /* Menu.png */ = {isa = PBXFileReference; lastKnownFileType = image.png; path = Menu.png; sourceTree = "<group>"; };
		F87B37C91920EC800041B4D9 /* Menu@2x.png */ = {isa = PBXFileReference; lastKnownFileType = image.png; path = "Menu@2x.png"; sourceTree = "<group>"; };
		F87B37CA1920EC800041B4D9 /* Settings.png */ = {isa = PBXFileReference; lastKnownFileType = image.png; path = Settings.png; sourceTree = "<group>"; };
		F87B37CB1920EC800041B4D9 /* Settings@2x.png */ = {isa = PBXFileReference; lastKnownFileType = image.png; path = "Settings@2x.png"; sourceTree = "<group>"; };
		F87B37CC1920EC800041B4D9 /* Trash.png */ = {isa = PBXFileReference; lastKnownFileType = image.png; path = Trash.png; sourceTree = "<group>"; };
		F87B37CD1920EC800041B4D9 /* Trash@2x.png */ = {isa = PBXFileReference; lastKnownFileType = image.png; path = "Trash@2x.png"; sourceTree = "<group>"; };
		F87B37D61920EFAA0041B4D9 /* TrackBackground.png */ = {isa = PBXFileReference; lastKnownFileType = image.png; path = TrackBackground.png; sourceTree = "<group>"; };
		F87B37D71920EFAA0041B4D9 /* TrackBackground@2x.png */ = {isa = PBXFileReference; lastKnownFileType = image.png; path = "TrackBackground@2x.png"; sourceTree = "<group>"; };
		F87B37DD1920F1CB0041B4D9 /* default.plist */ = {isa = PBXFileReference; fileEncoding = 4; lastKnownFileType = text.plist.xml; path = default.plist; sourceTree = "<group>"; };
		F87B37DF192100B70041B4D9 /* MusioTrackView.h */ = {isa = PBXFileReference; fileEncoding = 4; lastKnownFileType = sourcecode.c.h; path = MusioTrackView.h; sourceTree = "<group>"; };
		F87B37E0192100B70041B4D9 /* MusioTrackView.m */ = {isa = PBXFileReference; fileEncoding = 4; lastKnownFileType = sourcecode.c.objc; path = MusioTrackView.m; sourceTree = "<group>"; };
		F88662EC1923900100087D76 /* activity-l.svg */ = {isa = PBXFileReference; fileEncoding = 4; lastKnownFileType = text.xml; path = "activity-l.svg"; sourceTree = "<group>"; };
		F88662ED1923900100087D76 /* activity-s.svg */ = {isa = PBXFileReference; fileEncoding = 4; lastKnownFileType = text.xml; path = "activity-s.svg"; sourceTree = "<group>"; };
		F88662EE1923900100087D76 /* add-l.svg */ = {isa = PBXFileReference; fileEncoding = 4; lastKnownFileType = text.xml; path = "add-l.svg"; sourceTree = "<group>"; };
		F88662EF1923900100087D76 /* add-s.svg */ = {isa = PBXFileReference; fileEncoding = 4; lastKnownFileType = text.xml; path = "add-s.svg"; sourceTree = "<group>"; };
		F88662F01923900100087D76 /* compose-l.svg */ = {isa = PBXFileReference; fileEncoding = 4; lastKnownFileType = text.xml; path = "compose-l.svg"; sourceTree = "<group>"; };
		F88662F11923900100087D76 /* compose-s.svg */ = {isa = PBXFileReference; fileEncoding = 4; lastKnownFileType = text.xml; path = "compose-s.svg"; sourceTree = "<group>"; };
		F88662F21923900100087D76 /* download-l.svg */ = {isa = PBXFileReference; fileEncoding = 4; lastKnownFileType = text.xml; path = "download-l.svg"; sourceTree = "<group>"; };
		F88662F31923900100087D76 /* download-s.svg */ = {isa = PBXFileReference; fileEncoding = 4; lastKnownFileType = text.xml; path = "download-s.svg"; sourceTree = "<group>"; };
		F88662F41923900100087D76 /* edit-l.svg */ = {isa = PBXFileReference; fileEncoding = 4; lastKnownFileType = text.xml; path = "edit-l.svg"; sourceTree = "<group>"; };
		F88662F51923900100087D76 /* edit-s.svg */ = {isa = PBXFileReference; fileEncoding = 4; lastKnownFileType = text.xml; path = "edit-s.svg"; sourceTree = "<group>"; };
		F88662F61923900100087D76 /* like-l.svg */ = {isa = PBXFileReference; fileEncoding = 4; lastKnownFileType = text.xml; path = "like-l.svg"; sourceTree = "<group>"; };
		F88662F71923900100087D76 /* like-s.svg */ = {isa = PBXFileReference; fileEncoding = 4; lastKnownFileType = text.xml; path = "like-s.svg"; sourceTree = "<group>"; };
		F88662F81923900100087D76 /* mixtape-l.svg */ = {isa = PBXFileReference; fileEncoding = 4; lastKnownFileType = text.xml; path = "mixtape-l.svg"; sourceTree = "<group>"; };
		F88662F91923900100087D76 /* mixtape-s.svg */ = {isa = PBXFileReference; fileEncoding = 4; lastKnownFileType = text.xml; path = "mixtape-s.svg"; sourceTree = "<group>"; };
		F88662FA1923900100087D76 /* next-l.svg */ = {isa = PBXFileReference; fileEncoding = 4; lastKnownFileType = text.xml; path = "next-l.svg"; sourceTree = "<group>"; };
		F88662FB1923900100087D76 /* next-s.svg */ = {isa = PBXFileReference; fileEncoding = 4; lastKnownFileType = text.xml; path = "next-s.svg"; sourceTree = "<group>"; };
		F88662FC1923900100087D76 /* pause-l.svg */ = {isa = PBXFileReference; fileEncoding = 4; lastKnownFileType = text.xml; path = "pause-l.svg"; sourceTree = "<group>"; };
		F88662FD1923900100087D76 /* pause-s.svg */ = {isa = PBXFileReference; fileEncoding = 4; lastKnownFileType = text.xml; path = "pause-s.svg"; sourceTree = "<group>"; };
		F88662FE1923900100087D76 /* pause-xl.svg */ = {isa = PBXFileReference; fileEncoding = 4; lastKnownFileType = text.xml; path = "pause-xl.svg"; sourceTree = "<group>"; };
		F88662FF1923900100087D76 /* play-l.svg */ = {isa = PBXFileReference; fileEncoding = 4; lastKnownFileType = text.xml; path = "play-l.svg"; sourceTree = "<group>"; };
		F88663001923900100087D76 /* play-s.svg */ = {isa = PBXFileReference; fileEncoding = 4; lastKnownFileType = text.xml; path = "play-s.svg"; sourceTree = "<group>"; };
		F88663011923900100087D76 /* play-xl.svg */ = {isa = PBXFileReference; fileEncoding = 4; lastKnownFileType = text.xml; path = "play-xl.svg"; sourceTree = "<group>"; };
		F88663021923900100087D76 /* previous-l.svg */ = {isa = PBXFileReference; fileEncoding = 4; lastKnownFileType = text.xml; path = "previous-l.svg"; sourceTree = "<group>"; };
		F88663031923900100087D76 /* previous-s.svg */ = {isa = PBXFileReference; fileEncoding = 4; lastKnownFileType = text.xml; path = "previous-s.svg"; sourceTree = "<group>"; };
		F88663041923900100087D76 /* reply-l.svg */ = {isa = PBXFileReference; fileEncoding = 4; lastKnownFileType = text.xml; path = "reply-l.svg"; sourceTree = "<group>"; };
		F88663051923900100087D76 /* reply-s.svg */ = {isa = PBXFileReference; fileEncoding = 4; lastKnownFileType = text.xml; path = "reply-s.svg"; sourceTree = "<group>"; };
		F88663061923900100087D76 /* search-l.svg */ = {isa = PBXFileReference; fileEncoding = 4; lastKnownFileType = text.xml; path = "search-l.svg"; sourceTree = "<group>"; };
		F88663071923900100087D76 /* search-s.svg */ = {isa = PBXFileReference; fileEncoding = 4; lastKnownFileType = text.xml; path = "search-s.svg"; sourceTree = "<group>"; };
		F88663081923900100087D76 /* send-l.svg */ = {isa = PBXFileReference; fileEncoding = 4; lastKnownFileType = text.xml; path = "send-l.svg"; sourceTree = "<group>"; };
		F88663091923900100087D76 /* send-s.svg */ = {isa = PBXFileReference; fileEncoding = 4; lastKnownFileType = text.xml; path = "send-s.svg"; sourceTree = "<group>"; };
		F886630A1923900100087D76 /* settings-l.svg */ = {isa = PBXFileReference; fileEncoding = 4; lastKnownFileType = text.xml; path = "settings-l.svg"; sourceTree = "<group>"; };
		F886630B1923900100087D76 /* settings-s.svg */ = {isa = PBXFileReference; fileEncoding = 4; lastKnownFileType = text.xml; path = "settings-s.svg"; sourceTree = "<group>"; };
		F886630C1923900100087D76 /* share-l.svg */ = {isa = PBXFileReference; fileEncoding = 4; lastKnownFileType = text.xml; path = "share-l.svg"; sourceTree = "<group>"; };
		F886630D1923900100087D76 /* share-s.svg */ = {isa = PBXFileReference; fileEncoding = 4; lastKnownFileType = text.xml; path = "share-s.svg"; sourceTree = "<group>"; };
		F886630E1923900100087D76 /* trash-l.svg */ = {isa = PBXFileReference; fileEncoding = 4; lastKnownFileType = text.xml; path = "trash-l.svg"; sourceTree = "<group>"; };
		F886630F1923900100087D76 /* trash-s.svg */ = {isa = PBXFileReference; fileEncoding = 4; lastKnownFileType = text.xml; path = "trash-s.svg"; sourceTree = "<group>"; };
		F88663101923900100087D76 /* votedown-l.svg */ = {isa = PBXFileReference; fileEncoding = 4; lastKnownFileType = text.xml; path = "votedown-l.svg"; sourceTree = "<group>"; };
		F88663111923900100087D76 /* votedown-s.svg */ = {isa = PBXFileReference; fileEncoding = 4; lastKnownFileType = text.xml; path = "votedown-s.svg"; sourceTree = "<group>"; };
		F88663121923900100087D76 /* votesoso-l.svg */ = {isa = PBXFileReference; fileEncoding = 4; lastKnownFileType = text.xml; path = "votesoso-l.svg"; sourceTree = "<group>"; };
		F88663131923900100087D76 /* votesoso-s.svg */ = {isa = PBXFileReference; fileEncoding = 4; lastKnownFileType = text.xml; path = "votesoso-s.svg"; sourceTree = "<group>"; };
		F88663141923900100087D76 /* voteup-l.svg */ = {isa = PBXFileReference; fileEncoding = 4; lastKnownFileType = text.xml; path = "voteup-l.svg"; sourceTree = "<group>"; };
		F88663151923900100087D76 /* voteup-s.svg */ = {isa = PBXFileReference; fileEncoding = 4; lastKnownFileType = text.xml; path = "voteup-s.svg"; sourceTree = "<group>"; };
		F8F0BF0718C94FD5005D3A5C /* Musio.app */ = {isa = PBXFileReference; explicitFileType = wrapper.application; includeInIndex = 0; path = Musio.app; sourceTree = BUILT_PRODUCTS_DIR; };
		F8F0BF0A18C94FD5005D3A5C /* Foundation.framework */ = {isa = PBXFileReference; lastKnownFileType = wrapper.framework; name = Foundation.framework; path = System/Library/Frameworks/Foundation.framework; sourceTree = SDKROOT; };
		F8F0BF0C18C94FD5005D3A5C /* CoreGraphics.framework */ = {isa = PBXFileReference; lastKnownFileType = wrapper.framework; name = CoreGraphics.framework; path = System/Library/Frameworks/CoreGraphics.framework; sourceTree = SDKROOT; };
		F8F0BF0E18C94FD5005D3A5C /* UIKit.framework */ = {isa = PBXFileReference; lastKnownFileType = wrapper.framework; name = UIKit.framework; path = System/Library/Frameworks/UIKit.framework; sourceTree = SDKROOT; };
		F8F0BF1218C94FD5005D3A5C /* Musio-Info.plist */ = {isa = PBXFileReference; lastKnownFileType = text.plist.xml; path = "Musio-Info.plist"; sourceTree = "<group>"; };
		F8F0BF1418C94FD5005D3A5C /* en */ = {isa = PBXFileReference; lastKnownFileType = text.plist.strings; name = en; path = en.lproj/InfoPlist.strings; sourceTree = "<group>"; };
		F8F0BF1618C94FD5005D3A5C /* main.m */ = {isa = PBXFileReference; lastKnownFileType = sourcecode.c.objc; path = main.m; sourceTree = "<group>"; };
		F8F0BF1818C94FD6005D3A5C /* Musio-Prefix.pch */ = {isa = PBXFileReference; lastKnownFileType = sourcecode.c.h; path = "Musio-Prefix.pch"; sourceTree = "<group>"; };
		F8F0BF1918C94FD6005D3A5C /* MusioAppDelegate.h */ = {isa = PBXFileReference; lastKnownFileType = sourcecode.c.h; path = MusioAppDelegate.h; sourceTree = "<group>"; };
		F8F0BF1A18C94FD6005D3A5C /* MusioAppDelegate.m */ = {isa = PBXFileReference; lastKnownFileType = sourcecode.c.objc; path = MusioAppDelegate.m; sourceTree = "<group>"; };
		F8F0BF2218C94FD6005D3A5C /* MusioViewController.h */ = {isa = PBXFileReference; lastKnownFileType = sourcecode.c.h; path = MusioViewController.h; sourceTree = "<group>"; };
		F8F0BF2318C94FD6005D3A5C /* MusioViewController.m */ = {isa = PBXFileReference; lastKnownFileType = sourcecode.c.objc; path = MusioViewController.m; sourceTree = "<group>"; };
		F8F0BF2B18C94FD6005D3A5C /* MusioTests.xctest */ = {isa = PBXFileReference; explicitFileType = wrapper.cfbundle; includeInIndex = 0; path = MusioTests.xctest; sourceTree = BUILT_PRODUCTS_DIR; };
		F8F0BF2C18C94FD6005D3A5C /* XCTest.framework */ = {isa = PBXFileReference; lastKnownFileType = wrapper.framework; name = XCTest.framework; path = Library/Frameworks/XCTest.framework; sourceTree = DEVELOPER_DIR; };
		F8F0BF3418C94FD6005D3A5C /* MusioTests-Info.plist */ = {isa = PBXFileReference; lastKnownFileType = text.plist.xml; path = "MusioTests-Info.plist"; sourceTree = "<group>"; };
		F8F0BF3618C94FD6005D3A5C /* en */ = {isa = PBXFileReference; lastKnownFileType = text.plist.strings; name = en; path = en.lproj/InfoPlist.strings; sourceTree = "<group>"; };
		F8F0BF3818C94FD6005D3A5C /* MusioTests.m */ = {isa = PBXFileReference; lastKnownFileType = sourcecode.c.objc; path = MusioTests.m; sourceTree = "<group>"; };
/* End PBXFileReference section */

/* Begin PBXFrameworksBuildPhase section */
		F8F0BF0418C94FD5005D3A5C /* Frameworks */ = {
			isa = PBXFrameworksBuildPhase;
			buildActionMask = 2147483647;
			files = (
				F8F0BF0D18C94FD5005D3A5C /* CoreGraphics.framework in Frameworks */,
				F8F0BF0F18C94FD5005D3A5C /* UIKit.framework in Frameworks */,
				F8F0BF0B18C94FD5005D3A5C /* Foundation.framework in Frameworks */,
				0925DBECB22B4DB1A6215C84 /* libPods.a in Frameworks */,
			);
			runOnlyForDeploymentPostprocessing = 0;
		};
		F8F0BF2818C94FD6005D3A5C /* Frameworks */ = {
			isa = PBXFrameworksBuildPhase;
			buildActionMask = 2147483647;
			files = (
				F8F0BF2D18C94FD6005D3A5C /* XCTest.framework in Frameworks */,
				F8F0BF2F18C94FD6005D3A5C /* UIKit.framework in Frameworks */,
				F8F0BF2E18C94FD6005D3A5C /* Foundation.framework in Frameworks */,
			);
			runOnlyForDeploymentPostprocessing = 0;
		};
/* End PBXFrameworksBuildPhase section */

/* Begin PBXGroup section */
		F87B37C51920EC800041B4D9 /* Images */ = {
			isa = PBXGroup;
			children = (
				F87B37D61920EFAA0041B4D9 /* TrackBackground.png */,
				F87B37D71920EFAA0041B4D9 /* TrackBackground@2x.png */,
				F87B37C61920EC800041B4D9 /* Like.png */,
				F87B37C71920EC800041B4D9 /* Like@2x.png */,
				F87B37C81920EC800041B4D9 /* Menu.png */,
				F87B37C91920EC800041B4D9 /* Menu@2x.png */,
				F87B37CA1920EC800041B4D9 /* Settings.png */,
				F87B37CB1920EC800041B4D9 /* Settings@2x.png */,
				F87B37CC1920EC800041B4D9 /* Trash.png */,
				F87B37CD1920EC800041B4D9 /* Trash@2x.png */,
			);
			path = Images;
			sourceTree = "<group>";
		};
		F88662EB1923900100087D76 /* SVG */ = {
			isa = PBXGroup;
			children = (
				F88662EC1923900100087D76 /* activity-l.svg */,
				F88662ED1923900100087D76 /* activity-s.svg */,
				F88662EE1923900100087D76 /* add-l.svg */,
				F88662EF1923900100087D76 /* add-s.svg */,
				F88662F01923900100087D76 /* compose-l.svg */,
				F88662F11923900100087D76 /* compose-s.svg */,
				F88662F21923900100087D76 /* download-l.svg */,
				F88662F31923900100087D76 /* download-s.svg */,
				F88662F41923900100087D76 /* edit-l.svg */,
				F88662F51923900100087D76 /* edit-s.svg */,
				F88662F61923900100087D76 /* like-l.svg */,
				F88662F71923900100087D76 /* like-s.svg */,
				F88662F81923900100087D76 /* mixtape-l.svg */,
				F88662F91923900100087D76 /* mixtape-s.svg */,
				F88662FA1923900100087D76 /* next-l.svg */,
				F88662FB1923900100087D76 /* next-s.svg */,
				F88662FC1923900100087D76 /* pause-l.svg */,
				F88662FD1923900100087D76 /* pause-s.svg */,
				F88662FE1923900100087D76 /* pause-xl.svg */,
				F88662FF1923900100087D76 /* play-l.svg */,
				F88663001923900100087D76 /* play-s.svg */,
				F88663011923900100087D76 /* play-xl.svg */,
				F88663021923900100087D76 /* previous-l.svg */,
				F88663031923900100087D76 /* previous-s.svg */,
				F88663041923900100087D76 /* reply-l.svg */,
				F88663051923900100087D76 /* reply-s.svg */,
				F88663061923900100087D76 /* search-l.svg */,
				F88663071923900100087D76 /* search-s.svg */,
				F88663081923900100087D76 /* send-l.svg */,
				F88663091923900100087D76 /* send-s.svg */,
				F886630A1923900100087D76 /* settings-l.svg */,
				F886630B1923900100087D76 /* settings-s.svg */,
				F886630C1923900100087D76 /* share-l.svg */,
				F886630D1923900100087D76 /* share-s.svg */,
				F886630E1923900100087D76 /* trash-l.svg */,
				F886630F1923900100087D76 /* trash-s.svg */,
				F88663101923900100087D76 /* votedown-l.svg */,
				F88663111923900100087D76 /* votedown-s.svg */,
				F88663121923900100087D76 /* votesoso-l.svg */,
				F88663131923900100087D76 /* votesoso-s.svg */,
				F88663141923900100087D76 /* voteup-l.svg */,
				F88663151923900100087D76 /* voteup-s.svg */,
			);
			path = SVG;
			sourceTree = "<group>";
		};
		F8F0BEFE18C94FD5005D3A5C = {
			isa = PBXGroup;
			children = (
				F87B37DD1920F1CB0041B4D9 /* default.plist */,
				F8F0BF1018C94FD5005D3A5C /* Musio */,
				F8F0BF3218C94FD6005D3A5C /* MusioTests */,
				F8F0BF0918C94FD5005D3A5C /* Frameworks */,
				F8F0BF0818C94FD5005D3A5C /* Products */,
				E43724A9C6CA48CC8A3D2657 /* Pods.xcconfig */,
			);
			sourceTree = "<group>";
		};
		F8F0BF0818C94FD5005D3A5C /* Products */ = {
			isa = PBXGroup;
			children = (
				F8F0BF0718C94FD5005D3A5C /* Musio.app */,
				F8F0BF2B18C94FD6005D3A5C /* MusioTests.xctest */,
			);
			name = Products;
			sourceTree = "<group>";
		};
		F8F0BF0918C94FD5005D3A5C /* Frameworks */ = {
			isa = PBXGroup;
			children = (
				F8F0BF0A18C94FD5005D3A5C /* Foundation.framework */,
				F8F0BF0C18C94FD5005D3A5C /* CoreGraphics.framework */,
				F8F0BF0E18C94FD5005D3A5C /* UIKit.framework */,
				F8F0BF2C18C94FD6005D3A5C /* XCTest.framework */,
				056956FADAA24D49B05AB375 /* libPods.a */,
			);
			name = Frameworks;
			sourceTree = "<group>";
		};
		F8F0BF1018C94FD5005D3A5C /* Musio */ = {
			isa = PBXGroup;
			children = (
				F88662EB1923900100087D76 /* SVG */,
				F87B37C51920EC800041B4D9 /* Images */,
				F8484821191D108F00FED21C /* Settings.bundle */,
				F8F0BF1918C94FD6005D3A5C /* MusioAppDelegate.h */,
				F8F0BF1A18C94FD6005D3A5C /* MusioAppDelegate.m */,
				F8F0BF2218C94FD6005D3A5C /* MusioViewController.h */,
				F8F0BF2318C94FD6005D3A5C /* MusioViewController.m */,
				F81217F418C955F800FD5FA8 /* Images.xcassets */,
				F8F0BF1118C94FD5005D3A5C /* Supporting Files */,
				F83D2D6B191D177D008E059D /* MusioAPIClient.h */,
				F83D2D6C191D177D008E059D /* MusioAPIClient.m */,
				F87B37BB1920E1F90041B4D9 /* Default-568h@2x.png */,
				F87B37C11920E45D0041B4D9 /* Main.png */,
				F87B37C21920E45D0041B4D9 /* Main@2x.png */,
				F87B37B91920E1710041B4D9 /* Storyboard.storyboard */,
				F87B37DF192100B70041B4D9 /* MusioTrackView.h */,
				F87B37E0192100B70041B4D9 /* MusioTrackView.m */,
			);
			path = Musio;
			sourceTree = "<group>";
		};
		F8F0BF1118C94FD5005D3A5C /* Supporting Files */ = {
			isa = PBXGroup;
			children = (
				F8F0BF1218C94FD5005D3A5C /* Musio-Info.plist */,
				F8F0BF1318C94FD5005D3A5C /* InfoPlist.strings */,
				F8F0BF1618C94FD5005D3A5C /* main.m */,
				F8F0BF1818C94FD6005D3A5C /* Musio-Prefix.pch */,
			);
			name = "Supporting Files";
			sourceTree = "<group>";
		};
		F8F0BF3218C94FD6005D3A5C /* MusioTests */ = {
			isa = PBXGroup;
			children = (
				F8F0BF3818C94FD6005D3A5C /* MusioTests.m */,
				F8F0BF3318C94FD6005D3A5C /* Supporting Files */,
			);
			path = MusioTests;
			sourceTree = "<group>";
		};
		F8F0BF3318C94FD6005D3A5C /* Supporting Files */ = {
			isa = PBXGroup;
			children = (
				F8F0BF3418C94FD6005D3A5C /* MusioTests-Info.plist */,
				F8F0BF3518C94FD6005D3A5C /* InfoPlist.strings */,
			);
			name = "Supporting Files";
			sourceTree = "<group>";
		};
/* End PBXGroup section */

/* Begin PBXNativeTarget section */
		F8F0BF0618C94FD5005D3A5C /* Musio */ = {
			isa = PBXNativeTarget;
			buildConfigurationList = F8F0BF3C18C94FD6005D3A5C /* Build configuration list for PBXNativeTarget "Musio" */;
			buildPhases = (
				55B6609865C94C85968C14F9 /* Check Pods Manifest.lock */,
				F8F0BF0318C94FD5005D3A5C /* Sources */,
				F8F0BF0418C94FD5005D3A5C /* Frameworks */,
				F8F0BF0518C94FD5005D3A5C /* Resources */,
				F1E5C1D1A9E9481EAD4E15F2 /* Copy Pods Resources */,
			);
			buildRules = (
			);
			dependencies = (
			);
			name = Musio;
			productName = Musio;
			productReference = F8F0BF0718C94FD5005D3A5C /* Musio.app */;
			productType = "com.apple.product-type.application";
		};
		F8F0BF2A18C94FD6005D3A5C /* MusioTests */ = {
			isa = PBXNativeTarget;
			buildConfigurationList = F8F0BF3F18C94FD6005D3A5C /* Build configuration list for PBXNativeTarget "MusioTests" */;
			buildPhases = (
				F8F0BF2718C94FD6005D3A5C /* Sources */,
				F8F0BF2818C94FD6005D3A5C /* Frameworks */,
				F8F0BF2918C94FD6005D3A5C /* Resources */,
			);
			buildRules = (
			);
			dependencies = (
				F8F0BF3118C94FD6005D3A5C /* PBXTargetDependency */,
			);
			name = MusioTests;
			productName = MusioTests;
			productReference = F8F0BF2B18C94FD6005D3A5C /* MusioTests.xctest */;
			productType = "com.apple.product-type.bundle.unit-test";
		};
/* End PBXNativeTarget section */

/* Begin PBXProject section */
		F8F0BEFF18C94FD5005D3A5C /* Project object */ = {
			isa = PBXProject;
			attributes = {
				CLASSPREFIX = Musio;
				LastUpgradeCheck = 0500;
				ORGANIZATIONNAME = "Musio Pty Ltd";
				TargetAttributes = {
					F8F0BF0618C94FD5005D3A5C = {
						SystemCapabilities = {
							com.apple.BackgroundModes = {
								enabled = 1;
							};
						};
					};
					F8F0BF2A18C94FD6005D3A5C = {
						TestTargetID = F8F0BF0618C94FD5005D3A5C;
					};
				};
			};
			buildConfigurationList = F8F0BF0218C94FD5005D3A5C /* Build configuration list for PBXProject "Musio" */;
			compatibilityVersion = "Xcode 3.2";
			developmentRegion = English;
			hasScannedForEncodings = 0;
			knownRegions = (
				en,
				Base,
			);
			mainGroup = F8F0BEFE18C94FD5005D3A5C;
			productRefGroup = F8F0BF0818C94FD5005D3A5C /* Products */;
			projectDirPath = "";
			projectRoot = "";
			targets = (
				F8F0BF0618C94FD5005D3A5C /* Musio */,
				F8F0BF2A18C94FD6005D3A5C /* MusioTests */,
			);
		};
/* End PBXProject section */

/* Begin PBXResourcesBuildPhase section */
		F8F0BF0518C94FD5005D3A5C /* Resources */ = {
			isa = PBXResourcesBuildPhase;
			buildActionMask = 2147483647;
			files = (
				F88663371923900100087D76 /* share-s.svg in Resources */,
				F886632B1923900100087D76 /* play-xl.svg in Resources */,
				F886632D1923900100087D76 /* previous-s.svg in Resources */,
				F87B37D41920EC800041B4D9 /* Trash.png in Resources */,
				F88663321923900100087D76 /* send-l.svg in Resources */,
				F87B37D91920EFAA0041B4D9 /* TrackBackground@2x.png in Resources */,
				F886632E1923900100087D76 /* reply-l.svg in Resources */,
				F886632F1923900100087D76 /* reply-s.svg in Resources */,
				F88663361923900100087D76 /* share-l.svg in Resources */,
				F886633C1923900100087D76 /* votesoso-l.svg in Resources */,
				F88663261923900100087D76 /* pause-l.svg in Resources */,
				F87B37D11920EC800041B4D9 /* Menu@2x.png in Resources */,
				F88663231923900100087D76 /* mixtape-s.svg in Resources */,
				F886633A1923900100087D76 /* votedown-l.svg in Resources */,
				F87B37CF1920EC800041B4D9 /* Like@2x.png in Resources */,
				F886631A1923900100087D76 /* compose-l.svg in Resources */,
				F87B37D31920EC800041B4D9 /* Settings@2x.png in Resources */,
				F88663391923900100087D76 /* trash-s.svg in Resources */,
				F88663301923900100087D76 /* search-l.svg in Resources */,
				F886631F1923900100087D76 /* edit-s.svg in Resources */,
				F88663221923900100087D76 /* mixtape-l.svg in Resources */,
				F88663171923900100087D76 /* activity-s.svg in Resources */,
				F87B37CE1920EC800041B4D9 /* Like.png in Resources */,
				F88663331923900100087D76 /* send-s.svg in Resources */,
				F87B37D01920EC800041B4D9 /* Menu.png in Resources */,
				F88663181923900100087D76 /* add-l.svg in Resources */,
				F87B37C31920E45D0041B4D9 /* Main.png in Resources */,
				F88663341923900100087D76 /* settings-l.svg in Resources */,
				F87B37DE1920F1CB0041B4D9 /* default.plist in Resources */,
				F81217F518C955F800FD5FA8 /* Images.xcassets in Resources */,
				F8484822191D108F00FED21C /* Settings.bundle in Resources */,
				F8F0BF1518C94FD5005D3A5C /* InfoPlist.strings in Resources */,
				F88663311923900100087D76 /* search-s.svg in Resources */,
				F87B37D51920EC800041B4D9 /* Trash@2x.png in Resources */,
				F88663161923900100087D76 /* activity-l.svg in Resources */,
				F886633B1923900100087D76 /* votedown-s.svg in Resources */,
				F886632C1923900100087D76 /* previous-l.svg in Resources */,
				F886633E1923900100087D76 /* voteup-l.svg in Resources */,
				F886631B1923900100087D76 /* compose-s.svg in Resources */,
				F87B37D81920EFAA0041B4D9 /* TrackBackground.png in Resources */,
				F886631E1923900100087D76 /* edit-l.svg in Resources */,
				F886633D1923900100087D76 /* votesoso-s.svg in Resources */,
				F87B37D21920EC800041B4D9 /* Settings.png in Resources */,
				F88663191923900100087D76 /* add-s.svg in Resources */,
				F87B37BC1920E1F90041B4D9 /* Default-568h@2x.png in Resources */,
				F88663271923900100087D76 /* pause-s.svg in Resources */,
				F88663241923900100087D76 /* next-l.svg in Resources */,
				F88663351923900100087D76 /* settings-s.svg in Resources */,
				F88663201923900100087D76 /* like-l.svg in Resources */,
				F886633F1923900100087D76 /* voteup-s.svg in Resources */,
				F88663211923900100087D76 /* like-s.svg in Resources */,
				F886631D1923900100087D76 /* download-s.svg in Resources */,
				F87B37C41920E45D0041B4D9 /* Main@2x.png in Resources */,
				F88663291923900100087D76 /* play-l.svg in Resources */,
				F886632A1923900100087D76 /* play-s.svg in Resources */,
				F88663251923900100087D76 /* next-s.svg in Resources */,
				F88663281923900100087D76 /* pause-xl.svg in Resources */,
				F88663381923900100087D76 /* trash-l.svg in Resources */,
				F87B37BA1920E1710041B4D9 /* Storyboard.storyboard in Resources */,
				F886631C1923900100087D76 /* download-l.svg in Resources */,
			);
			runOnlyForDeploymentPostprocessing = 0;
		};
		F8F0BF2918C94FD6005D3A5C /* Resources */ = {
			isa = PBXResourcesBuildPhase;
			buildActionMask = 2147483647;
			files = (
				F8F0BF3718C94FD6005D3A5C /* InfoPlist.strings in Resources */,
			);
			runOnlyForDeploymentPostprocessing = 0;
		};
/* End PBXResourcesBuildPhase section */

/* Begin PBXShellScriptBuildPhase section */
		55B6609865C94C85968C14F9 /* Check Pods Manifest.lock */ = {
			isa = PBXShellScriptBuildPhase;
			buildActionMask = 2147483647;
			files = (
			);
			inputPaths = (
			);
			name = "Check Pods Manifest.lock";
			outputPaths = (
			);
			runOnlyForDeploymentPostprocessing = 0;
			shellPath = /bin/sh;
			shellScript = "diff \"${PODS_ROOT}/../Podfile.lock\" \"${PODS_ROOT}/Manifest.lock\" > /dev/null\nif [[ $? != 0 ]] ; then\n    cat << EOM\nerror: The sandbox is not in sync with the Podfile.lock. Run 'pod install' or update your CocoaPods installation.\nEOM\n    exit 1\nfi\n";
			showEnvVarsInLog = 0;
		};
		F1E5C1D1A9E9481EAD4E15F2 /* Copy Pods Resources */ = {
			isa = PBXShellScriptBuildPhase;
			buildActionMask = 2147483647;
			files = (
			);
			inputPaths = (
			);
			name = "Copy Pods Resources";
			outputPaths = (
			);
			runOnlyForDeploymentPostprocessing = 0;
			shellPath = /bin/sh;
			shellScript = "\"${SRCROOT}/Pods/Pods-resources.sh\"\n";
			showEnvVarsInLog = 0;
		};
/* End PBXShellScriptBuildPhase section */

/* Begin PBXSourcesBuildPhase section */
		F8F0BF0318C94FD5005D3A5C /* Sources */ = {
			isa = PBXSourcesBuildPhase;
			buildActionMask = 2147483647;
			files = (
				F87B37E1192100B70041B4D9 /* MusioTrackView.m in Sources */,
				F8F0BF1B18C94FD6005D3A5C /* MusioAppDelegate.m in Sources */,
				F83D2D6D191D177D008E059D /* MusioAPIClient.m in Sources */,
				F8F0BF1718C94FD5005D3A5C /* main.m in Sources */,
				F8F0BF2418C94FD6005D3A5C /* MusioViewController.m in Sources */,
			);
			runOnlyForDeploymentPostprocessing = 0;
		};
		F8F0BF2718C94FD6005D3A5C /* Sources */ = {
			isa = PBXSourcesBuildPhase;
			buildActionMask = 2147483647;
			files = (
				F8F0BF3918C94FD6005D3A5C /* MusioTests.m in Sources */,
			);
			runOnlyForDeploymentPostprocessing = 0;
		};
/* End PBXSourcesBuildPhase section */

/* Begin PBXTargetDependency section */
		F8F0BF3118C94FD6005D3A5C /* PBXTargetDependency */ = {
			isa = PBXTargetDependency;
			target = F8F0BF0618C94FD5005D3A5C /* Musio */;
			targetProxy = F8F0BF3018C94FD6005D3A5C /* PBXContainerItemProxy */;
		};
/* End PBXTargetDependency section */

/* Begin PBXVariantGroup section */
		F8F0BF1318C94FD5005D3A5C /* InfoPlist.strings */ = {
			isa = PBXVariantGroup;
			children = (
				F8F0BF1418C94FD5005D3A5C /* en */,
			);
			name = InfoPlist.strings;
			sourceTree = "<group>";
		};
		F8F0BF3518C94FD6005D3A5C /* InfoPlist.strings */ = {
			isa = PBXVariantGroup;
			children = (
				F8F0BF3618C94FD6005D3A5C /* en */,
			);
			name = InfoPlist.strings;
			sourceTree = "<group>";
		};
/* End PBXVariantGroup section */

/* Begin XCBuildConfiguration section */
		F8F0BF3A18C94FD6005D3A5C /* Debug */ = {
			isa = XCBuildConfiguration;
			buildSettings = {
				ALWAYS_SEARCH_USER_PATHS = NO;
				ARCHS = "$(ARCHS_STANDARD_INCLUDING_64_BIT)";
				CLANG_CXX_LANGUAGE_STANDARD = "gnu++0x";
				CLANG_CXX_LIBRARY = "libc++";
				CLANG_ENABLE_MODULES = YES;
				CLANG_ENABLE_OBJC_ARC = YES;
				CLANG_WARN_BOOL_CONVERSION = YES;
				CLANG_WARN_CONSTANT_CONVERSION = YES;
				CLANG_WARN_DIRECT_OBJC_ISA_USAGE = YES_ERROR;
				CLANG_WARN_EMPTY_BODY = YES;
				CLANG_WARN_ENUM_CONVERSION = YES;
				CLANG_WARN_INT_CONVERSION = YES;
				CLANG_WARN_OBJC_ROOT_CLASS = YES_ERROR;
				CLANG_WARN__DUPLICATE_METHOD_MATCH = YES;
				"CODE_SIGN_IDENTITY[sdk=iphoneos*]" = "iPhone Developer";
				COPY_PHASE_STRIP = NO;
				GCC_C_LANGUAGE_STANDARD = gnu99;
				GCC_DYNAMIC_NO_PIC = NO;
				GCC_OPTIMIZATION_LEVEL = 0;
				GCC_PREPROCESSOR_DEFINITIONS = (
					"DEBUG=1",
					"$(inherited)",
				);
				GCC_SYMBOLS_PRIVATE_EXTERN = NO;
				GCC_WARN_64_TO_32_BIT_CONVERSION = YES;
				GCC_WARN_ABOUT_RETURN_TYPE = YES_ERROR;
				GCC_WARN_UNDECLARED_SELECTOR = YES;
				GCC_WARN_UNINITIALIZED_AUTOS = YES;
				GCC_WARN_UNUSED_FUNCTION = YES;
				GCC_WARN_UNUSED_VARIABLE = YES;
				IPHONEOS_DEPLOYMENT_TARGET = 7.0;
				ONLY_ACTIVE_ARCH = YES;
				SDKROOT = iphoneos;
				TARGETED_DEVICE_FAMILY = "1,2";
			};
			name = Debug;
		};
		F8F0BF3B18C94FD6005D3A5C /* Release */ = {
			isa = XCBuildConfiguration;
			buildSettings = {
				ALWAYS_SEARCH_USER_PATHS = NO;
				ARCHS = "$(ARCHS_STANDARD_INCLUDING_64_BIT)";
				CLANG_CXX_LANGUAGE_STANDARD = "gnu++0x";
				CLANG_CXX_LIBRARY = "libc++";
				CLANG_ENABLE_MODULES = YES;
				CLANG_ENABLE_OBJC_ARC = YES;
				CLANG_WARN_BOOL_CONVERSION = YES;
				CLANG_WARN_CONSTANT_CONVERSION = YES;
				CLANG_WARN_DIRECT_OBJC_ISA_USAGE = YES_ERROR;
				CLANG_WARN_EMPTY_BODY = YES;
				CLANG_WARN_ENUM_CONVERSION = YES;
				CLANG_WARN_INT_CONVERSION = YES;
				CLANG_WARN_OBJC_ROOT_CLASS = YES_ERROR;
				CLANG_WARN__DUPLICATE_METHOD_MATCH = YES;
				"CODE_SIGN_IDENTITY[sdk=iphoneos*]" = "iPhone Developer";
				COPY_PHASE_STRIP = YES;
				ENABLE_NS_ASSERTIONS = NO;
				GCC_C_LANGUAGE_STANDARD = gnu99;
				GCC_WARN_64_TO_32_BIT_CONVERSION = YES;
				GCC_WARN_ABOUT_RETURN_TYPE = YES_ERROR;
				GCC_WARN_UNDECLARED_SELECTOR = YES;
				GCC_WARN_UNINITIALIZED_AUTOS = YES;
				GCC_WARN_UNUSED_FUNCTION = YES;
				GCC_WARN_UNUSED_VARIABLE = YES;
				IPHONEOS_DEPLOYMENT_TARGET = 7.0;
				SDKROOT = iphoneos;
				TARGETED_DEVICE_FAMILY = "1,2";
				VALIDATE_PRODUCT = YES;
			};
			name = Release;
		};
		F8F0BF3D18C94FD6005D3A5C /* Debug */ = {
			isa = XCBuildConfiguration;
			baseConfigurationReference = E43724A9C6CA48CC8A3D2657 /* Pods.xcconfig */;
			buildSettings = {
				ASSETCATALOG_COMPILER_APPICON_NAME = AppIcon;
				ASSETCATALOG_COMPILER_LAUNCHIMAGE_NAME = LaunchImage;
				GCC_PRECOMPILE_PREFIX_HEADER = YES;
				GCC_PREFIX_HEADER = "Musio/Musio-Prefix.pch";
				INFOPLIST_FILE = "Musio/Musio-Info.plist";
				PRODUCT_NAME = "$(TARGET_NAME)";
				TARGETED_DEVICE_FAMILY = 1;
				WRAPPER_EXTENSION = app;
			};
			name = Debug;
		};
		F8F0BF3E18C94FD6005D3A5C /* Release */ = {
			isa = XCBuildConfiguration;
			baseConfigurationReference = E43724A9C6CA48CC8A3D2657 /* Pods.xcconfig */;
			buildSettings = {
				ASSETCATALOG_COMPILER_APPICON_NAME = AppIcon;
				ASSETCATALOG_COMPILER_LAUNCHIMAGE_NAME = LaunchImage;
				GCC_PRECOMPILE_PREFIX_HEADER = YES;
				GCC_PREFIX_HEADER = "Musio/Musio-Prefix.pch";
				INFOPLIST_FILE = "Musio/Musio-Info.plist";
				PRODUCT_NAME = "$(TARGET_NAME)";
				TARGETED_DEVICE_FAMILY = 1;
				WRAPPER_EXTENSION = app;
			};
			name = Release;
		};
		F8F0BF4018C94FD6005D3A5C /* Debug */ = {
			isa = XCBuildConfiguration;
			buildSettings = {
				ARCHS = "$(ARCHS_STANDARD_INCLUDING_64_BIT)";
				BUNDLE_LOADER = "$(BUILT_PRODUCTS_DIR)/Musio.app/Musio";
				FRAMEWORK_SEARCH_PATHS = (
					"$(SDKROOT)/Developer/Library/Frameworks",
					"$(inherited)",
					"$(DEVELOPER_FRAMEWORKS_DIR)",
				);
				GCC_PRECOMPILE_PREFIX_HEADER = YES;
				GCC_PREFIX_HEADER = "Musio/Musio-Prefix.pch";
				GCC_PREPROCESSOR_DEFINITIONS = (
					"DEBUG=1",
					"$(inherited)",
				);
				INFOPLIST_FILE = "MusioTests/MusioTests-Info.plist";
				PRODUCT_NAME = "$(TARGET_NAME)";
				TEST_HOST = "$(BUNDLE_LOADER)";
				WRAPPER_EXTENSION = xctest;
			};
			name = Debug;
		};
		F8F0BF4118C94FD6005D3A5C /* Release */ = {
			isa = XCBuildConfiguration;
			buildSettings = {
				ARCHS = "$(ARCHS_STANDARD_INCLUDING_64_BIT)";
				BUNDLE_LOADER = "$(BUILT_PRODUCTS_DIR)/Musio.app/Musio";
				FRAMEWORK_SEARCH_PATHS = (
					"$(SDKROOT)/Developer/Library/Frameworks",
					"$(inherited)",
					"$(DEVELOPER_FRAMEWORKS_DIR)",
				);
				GCC_PRECOMPILE_PREFIX_HEADER = YES;
				GCC_PREFIX_HEADER = "Musio/Musio-Prefix.pch";
				INFOPLIST_FILE = "MusioTests/MusioTests-Info.plist";
				PRODUCT_NAME = "$(TARGET_NAME)";
				TEST_HOST = "$(BUNDLE_LOADER)";
				WRAPPER_EXTENSION = xctest;
			};
			name = Release;
		};
/* End XCBuildConfiguration section */

/* Begin XCConfigurationList section */
		F8F0BF0218C94FD5005D3A5C /* Build configuration list for PBXProject "Musio" */ = {
			isa = XCConfigurationList;
			buildConfigurations = (
				F8F0BF3A18C94FD6005D3A5C /* Debug */,
				F8F0BF3B18C94FD6005D3A5C /* Release */,
			);
			defaultConfigurationIsVisible = 0;
			defaultConfigurationName = Release;
		};
		F8F0BF3C18C94FD6005D3A5C /* Build configuration list for PBXNativeTarget "Musio" */ = {
			isa = XCConfigurationList;
			buildConfigurations = (
				F8F0BF3D18C94FD6005D3A5C /* Debug */,
				F8F0BF3E18C94FD6005D3A5C /* Release */,
			);
			defaultConfigurationIsVisible = 0;
			defaultConfigurationName = Release;
		};
		F8F0BF3F18C94FD6005D3A5C /* Build configuration list for PBXNativeTarget "MusioTests" */ = {
			isa = XCConfigurationList;
			buildConfigurations = (
				F8F0BF4018C94FD6005D3A5C /* Debug */,
				F8F0BF4118C94FD6005D3A5C /* Release */,
			);
			defaultConfigurationIsVisible = 0;
			defaultConfigurationName = Release;
		};
/* End XCConfigurationList section */
	};
	rootObject = F8F0BEFF18C94FD5005D3A5C /* Project object */;
}
